// !$*UTF8*$!
{
	archiveVersion = 1;
	classes = {
	};
	objectVersion = 56;
	objects = {

/* Begin PBXBuildFile section */
		6E5BF9532C0B57D200311C8D /* VirtualPetApp.swift in Sources */ = {isa = PBXBuildFile; fileRef = 6E5BF9522C0B57D200311C8D /* VirtualPetApp.swift */; };
		6E5BF9552C0B57D200311C8D /* ContentView.swift in Sources */ = {isa = PBXBuildFile; fileRef = 6E5BF9542C0B57D200311C8D /* ContentView.swift */; };
		6E5BF9572C0B57D300311C8D /* Assets.xcassets in Resources */ = {isa = PBXBuildFile; fileRef = 6E5BF9562C0B57D300311C8D /* Assets.xcassets */; };
		6E5BF95A2C0B57D300311C8D /* Preview Assets.xcassets in Resources */ = {isa = PBXBuildFile; fileRef = 6E5BF9592C0B57D300311C8D /* Preview Assets.xcassets */; };
		6E5BF9602C0B57D300311C8D /* VirtualPet Watch App.app in Embed Watch Content */ = {isa = PBXBuildFile; fileRef = 6E5BF95F2C0B57D300311C8D /* VirtualPet Watch App.app */; settings = {ATTRIBUTES = (RemoveHeadersOnCopy, ); }; };
		6E5BF9652C0B57D300311C8D /* VirtualPetApp.swift in Sources */ = {isa = PBXBuildFile; fileRef = 6E5BF9642C0B57D300311C8D /* VirtualPetApp.swift */; };
		6E5BF9672C0B57D300311C8D /* ContentView.swift in Sources */ = {isa = PBXBuildFile; fileRef = 6E5BF9662C0B57D300311C8D /* ContentView.swift */; };
		6E5BF9692C0B57D400311C8D /* Assets.xcassets in Resources */ = {isa = PBXBuildFile; fileRef = 6E5BF9682C0B57D400311C8D /* Assets.xcassets */; };
		6E5BF96C2C0B57D400311C8D /* Preview Assets.xcassets in Resources */ = {isa = PBXBuildFile; fileRef = 6E5BF96B2C0B57D400311C8D /* Preview Assets.xcassets */; };
/* End PBXBuildFile section */

/* Begin PBXContainerItemProxy section */
		6E5BF9612C0B57D300311C8D /* PBXContainerItemProxy */ = {
			isa = PBXContainerItemProxy;
			containerPortal = 6E5BF9472C0B57D200311C8D /* Project object */;
			proxyType = 1;
			remoteGlobalIDString = 6E5BF95E2C0B57D300311C8D;
			remoteInfo = "VirtualPet Watch App";
		};
/* End PBXContainerItemProxy section */

/* Begin PBXCopyFilesBuildPhase section */
		6E5BF9722C0B57D400311C8D /* Embed Watch Content */ = {
			isa = PBXCopyFilesBuildPhase;
			buildActionMask = 2147483647;
			dstPath = "$(CONTENTS_FOLDER_PATH)/Watch";
			dstSubfolderSpec = 16;
			files = (
				6E5BF9602C0B57D300311C8D /* VirtualPet Watch App.app in Embed Watch Content */,
			);
			name = "Embed Watch Content";
			runOnlyForDeploymentPostprocessing = 0;
		};
/* End PBXCopyFilesBuildPhase section */

/* Begin PBXFileReference section */
		6E5BF94F2C0B57D200311C8D /* VirtualPet.app */ = {isa = PBXFileReference; explicitFileType = wrapper.application; includeInIndex = 0; path = VirtualPet.app; sourceTree = BUILT_PRODUCTS_DIR; };
		6E5BF9522C0B57D200311C8D /* VirtualPetApp.swift */ = {isa = PBXFileReference; lastKnownFileType = sourcecode.swift; path = VirtualPetApp.swift; sourceTree = "<group>"; };
		6E5BF9542C0B57D200311C8D /* ContentView.swift */ = {isa = PBXFileReference; lastKnownFileType = sourcecode.swift; path = ContentView.swift; sourceTree = "<group>"; };
		6E5BF9562C0B57D300311C8D /* Assets.xcassets */ = {isa = PBXFileReference; lastKnownFileType = folder.assetcatalog; path = Assets.xcassets; sourceTree = "<group>"; };
		6E5BF9592C0B57D300311C8D /* Preview Assets.xcassets */ = {isa = PBXFileReference; lastKnownFileType = folder.assetcatalog; path = "Preview Assets.xcassets"; sourceTree = "<group>"; };
		6E5BF95F2C0B57D300311C8D /* VirtualPet Watch App.app */ = {isa = PBXFileReference; explicitFileType = wrapper.application; includeInIndex = 0; path = "VirtualPet Watch App.app"; sourceTree = BUILT_PRODUCTS_DIR; };
		6E5BF9642C0B57D300311C8D /* VirtualPetApp.swift */ = {isa = PBXFileReference; lastKnownFileType = sourcecode.swift; path = VirtualPetApp.swift; sourceTree = "<group>"; };
		6E5BF9662C0B57D300311C8D /* ContentView.swift */ = {isa = PBXFileReference; lastKnownFileType = sourcecode.swift; path = ContentView.swift; sourceTree = "<group>"; };
		6E5BF9682C0B57D400311C8D /* Assets.xcassets */ = {isa = PBXFileReference; lastKnownFileType = folder.assetcatalog; path = Assets.xcassets; sourceTree = "<group>"; };
		6E5BF96B2C0B57D400311C8D /* Preview Assets.xcassets */ = {isa = PBXFileReference; lastKnownFileType = folder.assetcatalog; path = "Preview Assets.xcassets"; sourceTree = "<group>"; };
/* End PBXFileReference section */

/* Begin PBXFrameworksBuildPhase section */
		6E5BF94C2C0B57D200311C8D /* Frameworks */ = {
			isa = PBXFrameworksBuildPhase;
			buildActionMask = 2147483647;
			files = (
			);
			runOnlyForDeploymentPostprocessing = 0;
		};
		6E5BF95C2C0B57D300311C8D /* Frameworks */ = {
			isa = PBXFrameworksBuildPhase;
			buildActionMask = 2147483647;
			files = (
			);
			runOnlyForDeploymentPostprocessing = 0;
		};
/* End PBXFrameworksBuildPhase section */

/* Begin PBXGroup section */
		6E5BF9462C0B57D200311C8D = {
			isa = PBXGroup;
			children = (
				6E5BF9512C0B57D200311C8D /* VirtualPet */,
				6E5BF9632C0B57D300311C8D /* VirtualPet Watch App */,
				6E5BF9502C0B57D200311C8D /* Products */,
			);
			sourceTree = "<group>";
		};
		6E5BF9502C0B57D200311C8D /* Products */ = {
			isa = PBXGroup;
			children = (
				6E5BF94F2C0B57D200311C8D /* VirtualPet.app */,
				6E5BF95F2C0B57D300311C8D /* VirtualPet Watch App.app */,
			);
			name = Products;
			sourceTree = "<group>";
		};
		6E5BF9512C0B57D200311C8D /* VirtualPet */ = {
			isa = PBXGroup;
			children = (
				6E5BF9522C0B57D200311C8D /* VirtualPetApp.swift */,
				6E5BF9542C0B57D200311C8D /* ContentView.swift */,
				6E5BF9562C0B57D300311C8D /* Assets.xcassets */,
				6E5BF9582C0B57D300311C8D /* Preview Content */,
			);
			path = VirtualPet;
			sourceTree = "<group>";
		};
		6E5BF9582C0B57D300311C8D /* Preview Content */ = {
			isa = PBXGroup;
			children = (
				6E5BF9592C0B57D300311C8D /* Preview Assets.xcassets */,
			);
			path = "Preview Content";
			sourceTree = "<group>";
		};
		6E5BF9632C0B57D300311C8D /* VirtualPet Watch App */ = {
			isa = PBXGroup;
			children = (
				6E5BF9642C0B57D300311C8D /* VirtualPetApp.swift */,
				6E5BF9662C0B57D300311C8D /* ContentView.swift */,
				6E5BF9682C0B57D400311C8D /* Assets.xcassets */,
				6E5BF96A2C0B57D400311C8D /* Preview Content */,
			);
			path = "VirtualPet Watch App";
			sourceTree = "<group>";
		};
		6E5BF96A2C0B57D400311C8D /* Preview Content */ = {
			isa = PBXGroup;
			children = (
				6E5BF96B2C0B57D400311C8D /* Preview Assets.xcassets */,
			);
			path = "Preview Content";
			sourceTree = "<group>";
		};
/* End PBXGroup section */

/* Begin PBXNativeTarget section */
		6E5BF94E2C0B57D200311C8D /* VirtualPet */ = {
			isa = PBXNativeTarget;
			buildConfigurationList = 6E5BF9732C0B57D400311C8D /* Build configuration list for PBXNativeTarget "VirtualPet" */;
			buildPhases = (
				6E5BF94B2C0B57D200311C8D /* Sources */,
				6E5BF94C2C0B57D200311C8D /* Frameworks */,
				6E5BF94D2C0B57D200311C8D /* Resources */,
				6E5BF9722C0B57D400311C8D /* Embed Watch Content */,
			);
			buildRules = (
			);
			dependencies = (
				6E5BF9622C0B57D300311C8D /* PBXTargetDependency */,
			);
			name = VirtualPet;
			productName = VirtualPet;
			productReference = 6E5BF94F2C0B57D200311C8D /* VirtualPet.app */;
			productType = "com.apple.product-type.application";
		};
		6E5BF95E2C0B57D300311C8D /* VirtualPet Watch App */ = {
			isa = PBXNativeTarget;
			buildConfigurationList = 6E5BF96F2C0B57D400311C8D /* Build configuration list for PBXNativeTarget "VirtualPet Watch App" */;
			buildPhases = (
				6E5BF95B2C0B57D300311C8D /* Sources */,
				6E5BF95C2C0B57D300311C8D /* Frameworks */,
				6E5BF95D2C0B57D300311C8D /* Resources */,
			);
			buildRules = (
			);
			dependencies = (
			);
			name = "VirtualPet Watch App";
			productName = "VirtualPet Watch App";
			productReference = 6E5BF95F2C0B57D300311C8D /* VirtualPet Watch App.app */;
			productType = "com.apple.product-type.application";
		};
/* End PBXNativeTarget section */

/* Begin PBXProject section */
		6E5BF9472C0B57D200311C8D /* Project object */ = {
			isa = PBXProject;
			attributes = {
				BuildIndependentTargetsInParallel = 1;
				LastSwiftUpdateCheck = 1540;
				LastUpgradeCheck = 1540;
				TargetAttributes = {
					6E5BF94E2C0B57D200311C8D = {
						CreatedOnToolsVersion = 15.4;
					};
					6E5BF95E2C0B57D300311C8D = {
						CreatedOnToolsVersion = 15.4;
					};
				};
			};
			buildConfigurationList = 6E5BF94A2C0B57D200311C8D /* Build configuration list for PBXProject "VirtualPet" */;
			compatibilityVersion = "Xcode 14.0";
			developmentRegion = en;
			hasScannedForEncodings = 0;
			knownRegions = (
				en,
				Base,
			);
			mainGroup = 6E5BF9462C0B57D200311C8D;
			productRefGroup = 6E5BF9502C0B57D200311C8D /* Products */;
			projectDirPath = "";
			projectRoot = "";
			targets = (
				6E5BF94E2C0B57D200311C8D /* VirtualPet */,
				6E5BF95E2C0B57D300311C8D /* VirtualPet Watch App */,
			);
		};
/* End PBXProject section */

/* Begin PBXResourcesBuildPhase section */
		6E5BF94D2C0B57D200311C8D /* Resources */ = {
			isa = PBXResourcesBuildPhase;
			buildActionMask = 2147483647;
			files = (
				6E5BF95A2C0B57D300311C8D /* Preview Assets.xcassets in Resources */,
				6E5BF9572C0B57D300311C8D /* Assets.xcassets in Resources */,
			);
			runOnlyForDeploymentPostprocessing = 0;
		};
		6E5BF95D2C0B57D300311C8D /* Resources */ = {
			isa = PBXResourcesBuildPhase;
			buildActionMask = 2147483647;
			files = (
				6E5BF96C2C0B57D400311C8D /* Preview Assets.xcassets in Resources */,
				6E5BF9692C0B57D400311C8D /* Assets.xcassets in Resources */,
			);
			runOnlyForDeploymentPostprocessing = 0;
		};
/* End PBXResourcesBuildPhase section */

/* Begin PBXSourcesBuildPhase section */
		6E5BF94B2C0B57D200311C8D /* Sources */ = {
			isa = PBXSourcesBuildPhase;
			buildActionMask = 2147483647;
			files = (
				6E5BF9552C0B57D200311C8D /* ContentView.swift in Sources */,
				6E5BF9532C0B57D200311C8D /* VirtualPetApp.swift in Sources */,
			);
			runOnlyForDeploymentPostprocessing = 0;
		};
		6E5BF95B2C0B57D300311C8D /* Sources */ = {
			isa = PBXSourcesBuildPhase;
			buildActionMask = 2147483647;
			files = (
				6E5BF9672C0B57D300311C8D /* ContentView.swift in Sources */,
				6E5BF9652C0B57D300311C8D /* VirtualPetApp.swift in Sources */,
			);
			runOnlyForDeploymentPostprocessing = 0;
		};
/* End PBXSourcesBuildPhase section */

/* Begin PBXTargetDependency section */
		6E5BF9622C0B57D300311C8D /* PBXTargetDependency */ = {
			isa = PBXTargetDependency;
			target = 6E5BF95E2C0B57D300311C8D /* VirtualPet Watch App */;
			targetProxy = 6E5BF9612C0B57D300311C8D /* PBXContainerItemProxy */;
		};
/* End PBXTargetDependency section */

/* Begin XCBuildConfiguration section */
		6E5BF96D2C0B57D400311C8D /* Debug */ = {
			isa = XCBuildConfiguration;
			buildSettings = {
				ALWAYS_SEARCH_USER_PATHS = NO;
				ASSETCATALOG_COMPILER_GENERATE_SWIFT_ASSET_SYMBOL_EXTENSIONS = YES;
				CLANG_ANALYZER_NONNULL = YES;
				CLANG_ANALYZER_NUMBER_OBJECT_CONVERSION = YES_AGGRESSIVE;
				CLANG_CXX_LANGUAGE_STANDARD = "gnu++20";
				CLANG_ENABLE_MODULES = YES;
				CLANG_ENABLE_OBJC_ARC = YES;
				CLANG_ENABLE_OBJC_WEAK = YES;
				CLANG_WARN_BLOCK_CAPTURE_AUTORELEASING = YES;
				CLANG_WARN_BOOL_CONVERSION = YES;
				CLANG_WARN_COMMA = YES;
				CLANG_WARN_CONSTANT_CONVERSION = YES;
				CLANG_WARN_DEPRECATED_OBJC_IMPLEMENTATIONS = YES;
				CLANG_WARN_DIRECT_OBJC_ISA_USAGE = YES_ERROR;
				CLANG_WARN_DOCUMENTATION_COMMENTS = YES;
				CLANG_WARN_EMPTY_BODY = YES;
				CLANG_WARN_ENUM_CONVERSION = YES;
				CLANG_WARN_INFINITE_RECURSION = YES;
				CLANG_WARN_INT_CONVERSION = YES;
				CLANG_WARN_NON_LITERAL_NULL_CONVERSION = YES;
				CLANG_WARN_OBJC_IMPLICIT_RETAIN_SELF = YES;
				CLANG_WARN_OBJC_LITERAL_CONVERSION = YES;
				CLANG_WARN_OBJC_ROOT_CLASS = YES_ERROR;
				CLANG_WARN_QUOTED_INCLUDE_IN_FRAMEWORK_HEADER = YES;
				CLANG_WARN_RANGE_LOOP_ANALYSIS = YES;
				CLANG_WARN_STRICT_PROTOTYPES = YES;
				CLANG_WARN_SUSPICIOUS_MOVE = YES;
				CLANG_WARN_UNGUARDED_AVAILABILITY = YES_AGGRESSIVE;
				CLANG_WARN_UNREACHABLE_CODE = YES;
				CLANG_WARN__DUPLICATE_METHOD_MATCH = YES;
				COPY_PHASE_STRIP = NO;
				DEBUG_INFORMATION_FORMAT = dwarf;
				ENABLE_STRICT_OBJC_MSGSEND = YES;
				ENABLE_TESTABILITY = YES;
				ENABLE_USER_SCRIPT_SANDBOXING = YES;
				GCC_C_LANGUAGE_STANDARD = gnu17;
				GCC_DYNAMIC_NO_PIC = NO;
				GCC_NO_COMMON_BLOCKS = YES;
				GCC_OPTIMIZATION_LEVEL = 0;
				GCC_PREPROCESSOR_DEFINITIONS = (
					"DEBUG=1",
					"$(inherited)",
				);
				GCC_WARN_64_TO_32_BIT_CONVERSION = YES;
				GCC_WARN_ABOUT_RETURN_TYPE = YES_ERROR;
				GCC_WARN_UNDECLARED_SELECTOR = YES;
				GCC_WARN_UNINITIALIZED_AUTOS = YES_AGGRESSIVE;
				GCC_WARN_UNUSED_FUNCTION = YES;
				GCC_WARN_UNUSED_VARIABLE = YES;
				LOCALIZATION_PREFERS_STRING_CATALOGS = YES;
				MTL_ENABLE_DEBUG_INFO = INCLUDE_SOURCE;
				MTL_FAST_MATH = YES;
				ONLY_ACTIVE_ARCH = YES;
				SWIFT_ACTIVE_COMPILATION_CONDITIONS = "DEBUG $(inherited)";
				SWIFT_OPTIMIZATION_LEVEL = "-Onone";
			};
			name = Debug;
		};
		6E5BF96E2C0B57D400311C8D /* Release */ = {
			isa = XCBuildConfiguration;
			buildSettings = {
				ALWAYS_SEARCH_USER_PATHS = NO;
				ASSETCATALOG_COMPILER_GENERATE_SWIFT_ASSET_SYMBOL_EXTENSIONS = YES;
				CLANG_ANALYZER_NONNULL = YES;
				CLANG_ANALYZER_NUMBER_OBJECT_CONVERSION = YES_AGGRESSIVE;
				CLANG_CXX_LANGUAGE_STANDARD = "gnu++20";
				CLANG_ENABLE_MODULES = YES;
				CLANG_ENABLE_OBJC_ARC = YES;
				CLANG_ENABLE_OBJC_WEAK = YES;
				CLANG_WARN_BLOCK_CAPTURE_AUTORELEASING = YES;
				CLANG_WARN_BOOL_CONVERSION = YES;
				CLANG_WARN_COMMA = YES;
				CLANG_WARN_CONSTANT_CONVERSION = YES;
				CLANG_WARN_DEPRECATED_OBJC_IMPLEMENTATIONS = YES;
				CLANG_WARN_DIRECT_OBJC_ISA_USAGE = YES_ERROR;
				CLANG_WARN_DOCUMENTATION_COMMENTS = YES;
				CLANG_WARN_EMPTY_BODY = YES;
				CLANG_WARN_ENUM_CONVERSION = YES;
				CLANG_WARN_INFINITE_RECURSION = YES;
				CLANG_WARN_INT_CONVERSION = YES;
				CLANG_WARN_NON_LITERAL_NULL_CONVERSION = YES;
				CLANG_WARN_OBJC_IMPLICIT_RETAIN_SELF = YES;
				CLANG_WARN_OBJC_LITERAL_CONVERSION = YES;
				CLANG_WARN_OBJC_ROOT_CLASS = YES_ERROR;
				CLANG_WARN_QUOTED_INCLUDE_IN_FRAMEWORK_HEADER = YES;
				CLANG_WARN_RANGE_LOOP_ANALYSIS = YES;
				CLANG_WARN_STRICT_PROTOTYPES = YES;
				CLANG_WARN_SUSPICIOUS_MOVE = YES;
				CLANG_WARN_UNGUARDED_AVAILABILITY = YES_AGGRESSIVE;
				CLANG_WARN_UNREACHABLE_CODE = YES;
				CLANG_WARN__DUPLICATE_METHOD_MATCH = YES;
				COPY_PHASE_STRIP = NO;
				DEBUG_INFORMATION_FORMAT = "dwarf-with-dsym";
				ENABLE_NS_ASSERTIONS = NO;
				ENABLE_STRICT_OBJC_MSGSEND = YES;
				ENABLE_USER_SCRIPT_SANDBOXING = YES;
				GCC_C_LANGUAGE_STANDARD = gnu17;
				GCC_NO_COMMON_BLOCKS = YES;
				GCC_WARN_64_TO_32_BIT_CONVERSION = YES;
				GCC_WARN_ABOUT_RETURN_TYPE = YES_ERROR;
				GCC_WARN_UNDECLARED_SELECTOR = YES;
				GCC_WARN_UNINITIALIZED_AUTOS = YES_AGGRESSIVE;
				GCC_WARN_UNUSED_FUNCTION = YES;
				GCC_WARN_UNUSED_VARIABLE = YES;
				LOCALIZATION_PREFERS_STRING_CATALOGS = YES;
				MTL_ENABLE_DEBUG_INFO = NO;
				MTL_FAST_MATH = YES;
				SWIFT_COMPILATION_MODE = wholemodule;
			};
			name = Release;
		};
		6E5BF9702C0B57D400311C8D /* Debug */ = {
			isa = XCBuildConfiguration;
			buildSettings = {
				ASSETCATALOG_COMPILER_APPICON_NAME = AppIcon;
				ASSETCATALOG_COMPILER_GLOBAL_ACCENT_COLOR_NAME = AccentColor;
				CODE_SIGN_STYLE = Automatic;
				CURRENT_PROJECT_VERSION = 1;
				DEVELOPMENT_ASSET_PATHS = "\"VirtualPet Watch App/Preview Content\"";
				DEVELOPMENT_TEAM = 4NFBA37TDD;
				ENABLE_PREVIEWS = YES;
				GENERATE_INFOPLIST_FILE = YES;
				INFOPLIST_KEY_CFBundleDisplayName = VirtualPet;
				INFOPLIST_KEY_UISupportedInterfaceOrientations = "UIInterfaceOrientationPortrait UIInterfaceOrientationPortraitUpsideDown";
				INFOPLIST_KEY_WKCompanionAppBundleIdentifier = vmj.VirtualPet;
				LD_RUNPATH_SEARCH_PATHS = (
					"$(inherited)",
					"@executable_path/Frameworks",
				);
				MARKETING_VERSION = 1.0;
				PRODUCT_BUNDLE_IDENTIFIER = vmj.VirtualPet.watchkitapp;
				PRODUCT_NAME = "$(TARGET_NAME)";
				SDKROOT = watchos;
				SKIP_INSTALL = YES;
				SWIFT_EMIT_LOC_STRINGS = YES;
				SWIFT_VERSION = 5.0;
				TARGETED_DEVICE_FAMILY = 4;
				WATCHOS_DEPLOYMENT_TARGET = 10.5;
			};
			name = Debug;
		};
		6E5BF9712C0B57D400311C8D /* Release */ = {
			isa = XCBuildConfiguration;
			buildSettings = {
				ASSETCATALOG_COMPILER_APPICON_NAME = AppIcon;
				ASSETCATALOG_COMPILER_GLOBAL_ACCENT_COLOR_NAME = AccentColor;
				CODE_SIGN_STYLE = Automatic;
				CURRENT_PROJECT_VERSION = 1;
				DEVELOPMENT_ASSET_PATHS = "\"VirtualPet Watch App/Preview Content\"";
				DEVELOPMENT_TEAM = 4NFBA37TDD;
				ENABLE_PREVIEWS = YES;
				GENERATE_INFOPLIST_FILE = YES;
				INFOPLIST_KEY_CFBundleDisplayName = VirtualPet;
				INFOPLIST_KEY_UISupportedInterfaceOrientations = "UIInterfaceOrientationPortrait UIInterfaceOrientationPortraitUpsideDown";
				INFOPLIST_KEY_WKCompanionAppBundleIdentifier = vmj.VirtualPet;
				LD_RUNPATH_SEARCH_PATHS = (
					"$(inherited)",
					"@executable_path/Frameworks",
				);
				MARKETING_VERSION = 1.0;
				PRODUCT_BUNDLE_IDENTIFIER = vmj.VirtualPet.watchkitapp;
				PRODUCT_NAME = "$(TARGET_NAME)";
				SDKROOT = watchos;
				SKIP_INSTALL = YES;
				SWIFT_EMIT_LOC_STRINGS = YES;
				SWIFT_VERSION = 5.0;
				TARGETED_DEVICE_FAMILY = 4;
				VALIDATE_PRODUCT = YES;
				WATCHOS_DEPLOYMENT_TARGET = 10.5;
			};
			name = Release;
		};
		6E5BF9742C0B57D400311C8D /* Debug */ = {
			isa = XCBuildConfiguration;
			buildSettings = {
				ALWAYS_EMBED_SWIFT_STANDARD_LIBRARIES = YES;
				ASSETCATALOG_COMPILER_APPICON_NAME = AppIcon;
				ASSETCATALOG_COMPILER_GLOBAL_ACCENT_COLOR_NAME = AccentColor;
				CODE_SIGN_STYLE = Automatic;
				CURRENT_PROJECT_VERSION = 1;
				DEVELOPMENT_ASSET_PATHS = "\"VirtualPet/Preview Content\"";
				DEVELOPMENT_TEAM = 4NFBA37TDD;
				ENABLE_PREVIEWS = YES;
				GENERATE_INFOPLIST_FILE = YES;
				INFOPLIST_KEY_CFBundleDisplayName = VirtualPet;
				INFOPLIST_KEY_UIApplicationSceneManifest_Generation = YES;
				INFOPLIST_KEY_UIApplicationSupportsIndirectInputEvents = YES;
				INFOPLIST_KEY_UILaunchScreen_Generation = YES;
				INFOPLIST_KEY_UISupportedInterfaceOrientations_iPad = "UIInterfaceOrientationPortrait UIInterfaceOrientationPortraitUpsideDown UIInterfaceOrientationLandscapeLeft UIInterfaceOrientationLandscapeRight";
				INFOPLIST_KEY_UISupportedInterfaceOrientations_iPhone = "UIInterfaceOrientationPortrait UIInterfaceOrientationLandscapeLeft UIInterfaceOrientationLandscapeRight";
				IPHONEOS_DEPLOYMENT_TARGET = 17.5;
				LD_RUNPATH_SEARCH_PATHS = (
					"$(inherited)",
					"@executable_path/Frameworks",
				);
				MARKETING_VERSION = 1.0;
				PRODUCT_BUNDLE_IDENTIFIER = vmj.VirtualPet;
				PRODUCT_NAME = "$(TARGET_NAME)";
				SDKROOT = iphoneos;
				SWIFT_EMIT_LOC_STRINGS = YES;
				SWIFT_VERSION = 5.0;
				TARGETED_DEVICE_FAMILY = "1,2";
			};
			name = Debug;
		};
		6E5BF9752C0B57D400311C8D /* Release */ = {
			isa = XCBuildConfiguration;
			buildSettings = {
				ALWAYS_EMBED_SWIFT_STANDARD_LIBRARIES = YES;
				ASSETCATALOG_COMPILER_APPICON_NAME = AppIcon;
				ASSETCATALOG_COMPILER_GLOBAL_ACCENT_COLOR_NAME = AccentColor;
				CODE_SIGN_STYLE = Automatic;
				CURRENT_PROJECT_VERSION = 1;
				DEVELOPMENT_ASSET_PATHS = "\"VirtualPet/Preview Content\"";
				DEVELOPMENT_TEAM = 4NFBA37TDD;
				ENABLE_PREVIEWS = YES;
				GENERATE_INFOPLIST_FILE = YES;
				INFOPLIST_KEY_CFBundleDisplayName = VirtualPet;
				INFOPLIST_KEY_UIApplicationSceneManifest_Generation = YES;
				INFOPLIST_KEY_UIApplicationSupportsIndirectInputEvents = YES;
				INFOPLIST_KEY_UILaunchScreen_Generation = YES;
				INFOPLIST_KEY_UISupportedInterfaceOrientations_iPad = "UIInterfaceOrientationPortrait UIInterfaceOrientationPortraitUpsideDown UIInterfaceOrientationLandscapeLeft UIInterfaceOrientationLandscapeRight";
				INFOPLIST_KEY_UISupportedInterfaceOrientations_iPhone = "UIInterfaceOrientationPortrait UIInterfaceOrientationLandscapeLeft UIInterfaceOrientationLandscapeRight";
				IPHONEOS_DEPLOYMENT_TARGET = 17.5;
				LD_RUNPATH_SEARCH_PATHS = (
					"$(inherited)",
					"@executable_path/Frameworks",
				);
				MARKETING_VERSION = 1.0;
				PRODUCT_BUNDLE_IDENTIFIER = vmj.VirtualPet;
				PRODUCT_NAME = "$(TARGET_NAME)";
				SDKROOT = iphoneos;
				SWIFT_EMIT_LOC_STRINGS = YES;
				SWIFT_VERSION = 5.0;
				TARGETED_DEVICE_FAMILY = "1,2";
				VALIDATE_PRODUCT = YES;
			};
			name = Release;
		};
/* End XCBuildConfiguration section */

/* Begin XCConfigurationList section */
		6E5BF94A2C0B57D200311C8D /* Build configuration list for PBXProject "VirtualPet" */ = {
			isa = XCConfigurationList;
			buildConfigurations = (
				6E5BF96D2C0B57D400311C8D /* Debug */,
				6E5BF96E2C0B57D400311C8D /* Release */,
			);
			defaultConfigurationIsVisible = 0;
			defaultConfigurationName = Release;
		};
		6E5BF96F2C0B57D400311C8D /* Build configuration list for PBXNativeTarget "VirtualPet Watch App" */ = {
			isa = XCConfigurationList;
			buildConfigurations = (
				6E5BF9702C0B57D400311C8D /* Debug */,
				6E5BF9712C0B57D400311C8D /* Release */,
			);
			defaultConfigurationIsVisible = 0;
			defaultConfigurationName = Release;
		};
		6E5BF9732C0B57D400311C8D /* Build configuration list for PBXNativeTarget "VirtualPet" */ = {
			isa = XCConfigurationList;
			buildConfigurations = (
				6E5BF9742C0B57D400311C8D /* Debug */,
				6E5BF9752C0B57D400311C8D /* Release */,
			);
			defaultConfigurationIsVisible = 0;
			defaultConfigurationName = Release;
		};
/* End XCConfigurationList section */
	};
	rootObject = 6E5BF9472C0B57D200311C8D /* Project object */;
}
